
Microsoft Visual Studio Solution File, Format Version 12.00
# Visual Studio Version 16
VisualStudioVersion = 16.0.30907.101
MinimumVisualStudioVersion = 10.0.40219.1
Project("{9A19103F-16F7-4668-BE54-9A1E7A4F7556}") = "Vulkan", "Vulkan\Vulkan.csproj", "{744E4D2E-19D3-4EF2-95B0-DBF84CA59E85}"
EndProject
Project("{9A19103F-16F7-4668-BE54-9A1E7A4F7556}") = "VulkanPlayground", "VulkanPlayground\VulkanPlayground.csproj", "{EAF5B1D6-8072-479E-8A38-D5629A7E732E}"
EndProject
Project("{2150E333-8FDC-42A3-9474-1A3956D46DE8}") = "Solution Items", "Solution Items", "{3DE80922-5F7D-4545-B0E1-0F4A2A525BBE}"
	ProjectSection(SolutionItems) = preProject
		.editorconfig = .editorconfig
		.gitignore = .gitignore
		README.md = README.md
	EndProjectSection
EndProject
Project("{9A19103F-16F7-4668-BE54-9A1E7A4F7556}") = "VulkanPlayframe", "VulkanPlayframe\VulkanPlayframe.csproj", "{2A8EF0E6-4318-4C29-BEFA-F68E5944892C}"
EndProject
Project("{9A19103F-16F7-4668-BE54-9A1E7A4F7556}") = "VulkanManaged", "VulkanManaged\VulkanManaged.csproj", "{CC067EC3-9338-453D-957D-C4C4F53C4631}"
EndProject
Project("{FAE04EC0-301F-11D3-BF4B-00C04F79EFBC}") = "Xystem.Numerics", "Xystem.Numerics\Xystem.Numerics.csproj", "{F859C281-C90D-4852-9173-9E749D291108}"
EndProject
Global
	GlobalSection(SolutionConfigurationPlatforms) = preSolution
		Debug|Any CPU = Debug|Any CPU
		Release|Any CPU = Release|Any CPU
	EndGlobalSection
	GlobalSection(ProjectConfigurationPlatforms) = postSolution
		{744E4D2E-19D3-4EF2-95B0-DBF84CA59E85}.Debug|Any CPU.ActiveCfg = Debug|Any CPU
		{744E4D2E-19D3-4EF2-95B0-DBF84CA59E85}.Debug|Any CPU.Build.0 = Debug|Any CPU
		{744E4D2E-19D3-4EF2-95B0-DBF84CA59E85}.Release|Any CPU.ActiveCfg = Release|Any CPU
		{744E4D2E-19D3-4EF2-95B0-DBF84CA59E85}.Release|Any CPU.Build.0 = Release|Any CPU
		{EAF5B1D6-8072-479E-8A38-D5629A7E732E}.Debug|Any CPU.ActiveCfg = Debug|Any CPU
		{EAF5B1D6-8072-479E-8A38-D5629A7E732E}.Debug|Any CPU.Build.0 = Debug|Any CPU
		{EAF5B1D6-8072-479E-8A38-D5629A7E732E}.Release|Any CPU.ActiveCfg = Release|Any CPU
		{EAF5B1D6-8072-479E-8A38-D5629A7E732E}.Release|Any CPU.Build.0 = Release|Any CPU
		{2A8EF0E6-4318-4C29-BEFA-F68E5944892C}.Debug|Any CPU.ActiveCfg = Debug|Any CPU
		{2A8EF0E6-4318-4C29-BEFA-F68E5944892C}.Debug|Any CPU.Build.0 = Debug|Any CPU
		{2A8EF0E6-4318-4C29-BEFA-F68E5944892C}.Release|Any CPU.ActiveCfg = Release|Any CPU
		{2A8EF0E6-4318-4C29-BEFA-F68E5944892C}.Release|Any CPU.Build.0 = Release|Any CPU
		{CC067EC3-9338-453D-957D-C4C4F53C4631}.Debug|Any CPU.ActiveCfg = Debug|Any CPU
		{CC067EC3-9338-453D-957D-C4C4F53C4631}.Debug|Any CPU.Build.0 = Debug|Any CPU
		{CC067EC3-9338-453D-957D-C4C4F53C4631}.Release|Any CPU.ActiveCfg = Release|Any CPU
		{CC067EC3-9338-453D-957D-C4C4F53C4631}.Release|Any CPU.Build.0 = Release|Any CPU
		{F859C281-C90D-4852-9173-9E749D291108}.Debug|Any CPU.ActiveCfg = Debug|Any CPU
		{F859C281-C90D-4852-9173-9E749D291108}.Debug|Any CPU.Build.0 = Debug|Any CPU
		{F859C281-C90D-4852-9173-9E749D291108}.Release|Any CPU.ActiveCfg = Release|Any CPU
		{F859C281-C90D-4852-9173-9E749D291108}.Release|Any CPU.Build.0 = Release|Any CPU
	EndGlobalSection
	GlobalSection(SolutionProperties) = preSolution
		HideSolutionNode = FALSE
	EndGlobalSection
	GlobalSection(ExtensibilityGlobals) = postSolution
		SolutionGuid = {6BF669CD-B5A2-465E-864A-CB85C93F192B}
	EndGlobalSection
EndGlobal
